
Microsoft Visual Studio Solution File, Format Version 12.00
# Visual Studio Version 16
VisualStudioVersion = 16.0.29911.84
MinimumVisualStudioVersion = 10.0.40219.1
Project("{FAE04EC0-301F-11D3-BF4B-00C04F79EFBC}") = "Project_9", "Project_9.csproj", "{AC1C317E-B2BB-4144-9271-268237A42370}"
EndProject
Global
	GlobalSection(SolutionConfigurationPlatforms) = preSolution
		Debug|Any CPU = Debug|Any CPU
		Release|Any CPU = Release|Any CPU
	EndGlobalSection
	GlobalSection(ProjectConfigurationPlatforms) = postSolution
		{AC1C317E-B2BB-4144-9271-268237A42370}.Debug|Any CPU.ActiveCfg = Debug|Any CPU
		{AC1C317E-B2BB-4144-9271-268237A42370}.Debug|Any CPU.Build.0 = Debug|Any CPU
		{AC1C317E-B2BB-4144-9271-268237A42370}.Release|Any CPU.ActiveCfg = Release|Any CPU
		{AC1C317E-B2BB-4144-9271-268237A42370}.Release|Any CPU.Build.0 = Release|Any CPU
	EndGlobalSection
	GlobalSection(SolutionProperties) = preSolution
		HideSolutionNode = FALSE
	EndGlobalSection
	GlobalSection(ExtensibilityGlobals) = postSolution
		SolutionGuid = {1106DEEF-E0B0-4CBF-BD5E-578D7AAE6CF3}
	EndGlobalSection
EndGlobal
